
Microsoft Visual Studio Solution File, Format Version 12.00
# Visual Studio Version 16
VisualStudioVersion = 16.0.30011.22
MinimumVisualStudioVersion = 10.0.40219.1
Project("{FAE04EC0-301F-11D3-BF4B-00C04F79EFBC}") = "ClimaAvi", "ClimaAvi\ClimaAvi.csproj", "{19FB329A-1E4D-4EB7-825B-7D9FD91E33C8}"
EndProject
Project("{FAE04EC0-301F-11D3-BF4B-00C04F79EFBC}") = "ClimaAviAPI", "ClimaAviAPI\ClimaAviAPI.csproj", "{8881A311-10DD-466D-85CB-B1E6F67C2BB3}"
EndProject
Project("{2150E333-8FDC-42A3-9474-1A3956D46DE8}") = "Aplicacao", "Aplicacao", "{CF518342-46D6-43C7-A765-7049D2FCC940}"
EndProject
Project("{2150E333-8FDC-42A3-9474-1A3956D46DE8}") = "Apresentacao", "Apresentacao", "{FA879376-1D24-4078-B3B7-00C9F75C82A2}"
EndProject
Project("{2150E333-8FDC-42A3-9474-1A3956D46DE8}") = "Dominio", "Dominio", "{5B9EA54A-93CB-4D45-B53A-6E3A7AB8CE26}"
EndProject
Project("{2150E333-8FDC-42A3-9474-1A3956D46DE8}") = "Persistencia", "Persistencia", "{EAC705E5-1EFD-4335-8ADD-901C95F7A7E1}"
EndProject
Project("{2150E333-8FDC-42A3-9474-1A3956D46DE8}") = "Servicos", "Servicos", "{55B6B184-3CF3-4170-B9C3-B6E8EBC43DCA}"
EndProject
Project("{FAE04EC0-301F-11D3-BF4B-00C04F79EFBC}") = "ClimaAvi.Aplicacao", "ClimaAvi.Aplicacao\ClimaAvi.Aplicacao.csproj", "{C2068C1A-687B-4006-AA54-CF7FAAB669DB}"
EndProject
Project("{FAE04EC0-301F-11D3-BF4B-00C04F79EFBC}") = "ClimaAvi.Dominio", "ClimaAvi.Dominio\ClimaAvi.Dominio.csproj", "{A9CB6286-88C5-4360-B89A-8793D10C95B1}"
EndProject
Project("{FAE04EC0-301F-11D3-BF4B-00C04F79EFBC}") = "ClimaAvi.Persistencia", "ClimaAvi.Persistencia\ClimaAvi.Persistencia.csproj", "{6EFCB9F8-EBFF-4B3C-A387-9F3C3D318AC2}"
EndProject
Global
	GlobalSection(SolutionConfigurationPlatforms) = preSolution
		Debug|Any CPU = Debug|Any CPU
		Release|Any CPU = Release|Any CPU
	EndGlobalSection
	GlobalSection(ProjectConfigurationPlatforms) = postSolution
		{19FB329A-1E4D-4EB7-825B-7D9FD91E33C8}.Debug|Any CPU.ActiveCfg = Debug|Any CPU
		{19FB329A-1E4D-4EB7-825B-7D9FD91E33C8}.Debug|Any CPU.Build.0 = Debug|Any CPU
		{19FB329A-1E4D-4EB7-825B-7D9FD91E33C8}.Release|Any CPU.ActiveCfg = Release|Any CPU
		{19FB329A-1E4D-4EB7-825B-7D9FD91E33C8}.Release|Any CPU.Build.0 = Release|Any CPU
		{8881A311-10DD-466D-85CB-B1E6F67C2BB3}.Debug|Any CPU.ActiveCfg = Debug|Any CPU
		{8881A311-10DD-466D-85CB-B1E6F67C2BB3}.Debug|Any CPU.Build.0 = Debug|Any CPU
		{8881A311-10DD-466D-85CB-B1E6F67C2BB3}.Release|Any CPU.ActiveCfg = Release|Any CPU
		{8881A311-10DD-466D-85CB-B1E6F67C2BB3}.Release|Any CPU.Build.0 = Release|Any CPU
		{C2068C1A-687B-4006-AA54-CF7FAAB669DB}.Debug|Any CPU.ActiveCfg = Debug|Any CPU
		{C2068C1A-687B-4006-AA54-CF7FAAB669DB}.Debug|Any CPU.Build.0 = Debug|Any CPU
		{C2068C1A-687B-4006-AA54-CF7FAAB669DB}.Release|Any CPU.ActiveCfg = Release|Any CPU
		{C2068C1A-687B-4006-AA54-CF7FAAB669DB}.Release|Any CPU.Build.0 = Release|Any CPU
		{A9CB6286-88C5-4360-B89A-8793D10C95B1}.Debug|Any CPU.ActiveCfg = Debug|Any CPU
		{A9CB6286-88C5-4360-B89A-8793D10C95B1}.Debug|Any CPU.Build.0 = Debug|Any CPU
		{A9CB6286-88C5-4360-B89A-8793D10C95B1}.Release|Any CPU.ActiveCfg = Release|Any CPU
		{A9CB6286-88C5-4360-B89A-8793D10C95B1}.Release|Any CPU.Build.0 = Release|Any CPU
		{6EFCB9F8-EBFF-4B3C-A387-9F3C3D318AC2}.Debug|Any CPU.ActiveCfg = Debug|Any CPU
		{6EFCB9F8-EBFF-4B3C-A387-9F3C3D318AC2}.Debug|Any CPU.Build.0 = Debug|Any CPU
		{6EFCB9F8-EBFF-4B3C-A387-9F3C3D318AC2}.Release|Any CPU.ActiveCfg = Release|Any CPU
		{6EFCB9F8-EBFF-4B3C-A387-9F3C3D318AC2}.Release|Any CPU.Build.0 = Release|Any CPU
	EndGlobalSection
	GlobalSection(SolutionProperties) = preSolution
		HideSolutionNode = FALSE
	EndGlobalSection
	GlobalSection(NestedProjects) = preSolution
		{19FB329A-1E4D-4EB7-825B-7D9FD91E33C8} = {FA879376-1D24-4078-B3B7-00C9F75C82A2}
		{8881A311-10DD-466D-85CB-B1E6F67C2BB3} = {55B6B184-3CF3-4170-B9C3-B6E8EBC43DCA}
		{C2068C1A-687B-4006-AA54-CF7FAAB669DB} = {CF518342-46D6-43C7-A765-7049D2FCC940}
		{A9CB6286-88C5-4360-B89A-8793D10C95B1} = {5B9EA54A-93CB-4D45-B53A-6E3A7AB8CE26}
		{6EFCB9F8-EBFF-4B3C-A387-9F3C3D318AC2} = {EAC705E5-1EFD-4335-8ADD-901C95F7A7E1}
	EndGlobalSection
	GlobalSection(ExtensibilityGlobals) = postSolution
		SolutionGuid = {E2C64908-EDA1-422F-A837-6A50A5D11D9D}
	EndGlobalSection
EndGlobal
